
Microsoft Visual Studio Solution File, Format Version 12.00
Project("{FAE04EC0-301F-11D3-BF4B-00C04F79EFBC}") = "MapTo", "src\MapTo\MapTo.csproj", "{4DB371AC-48D0-4F01-8EF3-7707D06EF0A7}"
EndProject
Project("{FAE04EC0-301F-11D3-BF4B-00C04F79EFBC}") = "MapToTests", "test\MapTo.Tests\MapTo.Tests.csproj", "{797DA57B-AC7E-468B-8799-44C5A574C0E3}"
EndProject
Project("{FAE04EC0-301F-11D3-BF4B-00C04F79EFBC}") = "TestConsoleApp", "test\TestConsoleApp\TestConsoleApp.csproj", "{5BE2551A-9EF9-42FA-B6D1-5B5E6A90CC85}"
EndProject
Project("{FAE04EC0-301F-11D3-BF4B-00C04F79EFBC}") = "MapTo.Integration.Tests", "test\MapTo.Integration.Tests\MapTo.Integration.Tests.csproj", "{23B46FDF-6A1E-4287-88C9-C8C5D7EECB8C}"
EndProject
Global
	GlobalSection(SolutionConfigurationPlatforms) = preSolution
		Debug|Any CPU = Debug|Any CPU
		Release|Any CPU = Release|Any CPU
	EndGlobalSection
	GlobalSection(ProjectConfigurationPlatforms) = postSolution
		{4DB371AC-48D0-4F01-8EF3-7707D06EF0A7}.Debug|Any CPU.ActiveCfg = Debug|Any CPU
		{4DB371AC-48D0-4F01-8EF3-7707D06EF0A7}.Debug|Any CPU.Build.0 = Debug|Any CPU
		{4DB371AC-48D0-4F01-8EF3-7707D06EF0A7}.Release|Any CPU.ActiveCfg = Release|Any CPU
		{4DB371AC-48D0-4F01-8EF3-7707D06EF0A7}.Release|Any CPU.Build.0 = Release|Any CPU
		{797DA57B-AC7E-468B-8799-44C5A574C0E3}.Debug|Any CPU.ActiveCfg = Debug|Any CPU
		{797DA57B-AC7E-468B-8799-44C5A574C0E3}.Debug|Any CPU.Build.0 = Debug|Any CPU
		{797DA57B-AC7E-468B-8799-44C5A574C0E3}.Release|Any CPU.ActiveCfg = Release|Any CPU
		{797DA57B-AC7E-468B-8799-44C5A574C0E3}.Release|Any CPU.Build.0 = Release|Any CPU
		{5BE2551A-9EF9-42FA-B6D1-5B5E6A90CC85}.Debug|Any CPU.ActiveCfg = Debug|Any CPU
		{5BE2551A-9EF9-42FA-B6D1-5B5E6A90CC85}.Debug|Any CPU.Build.0 = Debug|Any CPU
		{5BE2551A-9EF9-42FA-B6D1-5B5E6A90CC85}.Release|Any CPU.ActiveCfg = Release|Any CPU
		{5BE2551A-9EF9-42FA-B6D1-5B5E6A90CC85}.Release|Any CPU.Build.0 = Release|Any CPU
		{23B46FDF-6A1E-4287-88C9-C8C5D7EECB8C}.Debug|Any CPU.ActiveCfg = Debug|Any CPU
		{23B46FDF-6A1E-4287-88C9-C8C5D7EECB8C}.Debug|Any CPU.Build.0 = Debug|Any CPU
		{23B46FDF-6A1E-4287-88C9-C8C5D7EECB8C}.Release|Any CPU.ActiveCfg = Release|Any CPU
		{23B46FDF-6A1E-4287-88C9-C8C5D7EECB8C}.Release|Any CPU.Build.0 = Release|Any CPU
	EndGlobalSection
EndGlobal
