
Microsoft Visual Studio Solution File, Format Version 12.00
Project("{FAE04EC0-301F-11D3-BF4B-00C04F79EFBC}") = "MapTo", "MapTo\MapTo.csproj", "{4DB371AC-48D0-4F01-8EF3-7707D06EF0A7}"
EndProject
Project("{FAE04EC0-301F-11D3-BF4B-00C04F79EFBC}") = "MapToTests", "MapToTests\MapToTests.csproj", "{797DA57B-AC7E-468B-8799-44C5A574C0E3}"
EndProject
Global
	GlobalSection(SolutionConfigurationPlatforms) = preSolution
		Debug|Any CPU = Debug|Any CPU
		Release|Any CPU = Release|Any CPU
	EndGlobalSection
	GlobalSection(ProjectConfigurationPlatforms) = postSolution
		{4DB371AC-48D0-4F01-8EF3-7707D06EF0A7}.Debug|Any CPU.ActiveCfg = Debug|Any CPU
		{4DB371AC-48D0-4F01-8EF3-7707D06EF0A7}.Debug|Any CPU.Build.0 = Debug|Any CPU
		{4DB371AC-48D0-4F01-8EF3-7707D06EF0A7}.Release|Any CPU.ActiveCfg = Release|Any CPU
		{4DB371AC-48D0-4F01-8EF3-7707D06EF0A7}.Release|Any CPU.Build.0 = Release|Any CPU
		{797DA57B-AC7E-468B-8799-44C5A574C0E3}.Debug|Any CPU.ActiveCfg = Debug|Any CPU
		{797DA57B-AC7E-468B-8799-44C5A574C0E3}.Debug|Any CPU.Build.0 = Debug|Any CPU
		{797DA57B-AC7E-468B-8799-44C5A574C0E3}.Release|Any CPU.ActiveCfg = Release|Any CPU
		{797DA57B-AC7E-468B-8799-44C5A574C0E3}.Release|Any CPU.Build.0 = Release|Any CPU
	EndGlobalSection
EndGlobal
